
Microsoft Visual Studio Solution File, Format Version 12.00
Project("{FAE04EC0-301F-11D3-BF4B-00C04F79EFBC}") = "RoslynSyntaxTreeBackend", "RoslynSyntaxTreeBackend\RoslynSyntaxTreeBackend.csproj", "{8CA45FD2-990B-4707-9F36-966C6A363D23}"
EndProject
Project("{FAE04EC0-301F-11D3-BF4B-00C04F79EFBC}") = "RoslynSyntaxTreeBackendUnitTest", "RoslynSyntaxTreeBackendUnitTest\RoslynSyntaxTreeBackendUnitTest.csproj", "{FE280CBB-367F-4D31-A193-747C3F230B73}"
EndProject
Global
	GlobalSection(SolutionConfigurationPlatforms) = preSolution
		Debug|Any CPU = Debug|Any CPU
		Release|Any CPU = Release|Any CPU
	EndGlobalSection
	GlobalSection(ProjectConfigurationPlatforms) = postSolution
		{8CA45FD2-990B-4707-9F36-966C6A363D23}.Debug|Any CPU.ActiveCfg = Debug|Any CPU
		{8CA45FD2-990B-4707-9F36-966C6A363D23}.Debug|Any CPU.Build.0 = Debug|Any CPU
		{8CA45FD2-990B-4707-9F36-966C6A363D23}.Release|Any CPU.ActiveCfg = Release|Any CPU
		{8CA45FD2-990B-4707-9F36-966C6A363D23}.Release|Any CPU.Build.0 = Release|Any CPU
		{FE280CBB-367F-4D31-A193-747C3F230B73}.Debug|Any CPU.ActiveCfg = Debug|Any CPU
		{FE280CBB-367F-4D31-A193-747C3F230B73}.Debug|Any CPU.Build.0 = Debug|Any CPU
		{FE280CBB-367F-4D31-A193-747C3F230B73}.Release|Any CPU.ActiveCfg = Release|Any CPU
		{FE280CBB-367F-4D31-A193-747C3F230B73}.Release|Any CPU.Build.0 = Release|Any CPU
	EndGlobalSection
EndGlobal
